
Microsoft Visual Studio Solution File, Format Version 12.00
Project("{FAE04EC0-301F-11D3-BF4B-00C04F79EFBC}") = "KitCli.Example.HelloWorld", "KitCli.Example.HelloWorld.csproj", "{05B7363C-9913-435B-AF6B-E8427ACB0AFE}"
EndProject
Project("{2150E333-8FDC-42A3-9474-1A3956D46DE8}") = "Meta", "Meta", "{6090F36C-D051-4BCE-95E4-7824809D3B72}"
	ProjectSection(SolutionItems) = preProject
		.gitignore = .gitignore
	EndProjectSection
EndProject
Global
	GlobalSection(SolutionConfigurationPlatforms) = preSolution
		Debug|Any CPU = Debug|Any CPU
		Release|Any CPU = Release|Any CPU
	EndGlobalSection
	GlobalSection(ProjectConfigurationPlatforms) = postSolution
		{05B7363C-9913-435B-AF6B-E8427ACB0AFE}.Debug|Any CPU.ActiveCfg = Debug|Any CPU
		{05B7363C-9913-435B-AF6B-E8427ACB0AFE}.Debug|Any CPU.Build.0 = Debug|Any CPU
		{05B7363C-9913-435B-AF6B-E8427ACB0AFE}.Release|Any CPU.ActiveCfg = Release|Any CPU
		{05B7363C-9913-435B-AF6B-E8427ACB0AFE}.Release|Any CPU.Build.0 = Release|Any CPU
	EndGlobalSection
EndGlobal
